
Microsoft Visual Studio Solution File, Format Version 12.00
# Visual Studio Version 16
VisualStudioVersion = 16.0.31205.134
MinimumVisualStudioVersion = 10.0.40219.1
Project("{FAE04EC0-301F-11D3-BF4B-00C04F79EFBC}") = "GACDDL", "GACDDL\GACDDL.csproj", "{B28CA708-A851-4045-95C9-7DAB8594BFDE}"
EndProject
Project("{FAE04EC0-301F-11D3-BF4B-00C04F79EFBC}") = "GACDModels", "GACDModels\GACDModels.csproj", "{B0AA7573-F84B-4E0A-AB92-41BAB79D436D}"
EndProject
Global
	GlobalSection(SolutionConfigurationPlatforms) = preSolution
		Debug|Any CPU = Debug|Any CPU
		Release|Any CPU = Release|Any CPU
	EndGlobalSection
	GlobalSection(ProjectConfigurationPlatforms) = postSolution
		{B28CA708-A851-4045-95C9-7DAB8594BFDE}.Debug|Any CPU.ActiveCfg = Debug|Any CPU
		{B28CA708-A851-4045-95C9-7DAB8594BFDE}.Debug|Any CPU.Build.0 = Debug|Any CPU
		{B28CA708-A851-4045-95C9-7DAB8594BFDE}.Release|Any CPU.ActiveCfg = Release|Any CPU
		{B28CA708-A851-4045-95C9-7DAB8594BFDE}.Release|Any CPU.Build.0 = Release|Any CPU
		{B0AA7573-F84B-4E0A-AB92-41BAB79D436D}.Debug|Any CPU.ActiveCfg = Debug|Any CPU
		{B0AA7573-F84B-4E0A-AB92-41BAB79D436D}.Debug|Any CPU.Build.0 = Debug|Any CPU
		{B0AA7573-F84B-4E0A-AB92-41BAB79D436D}.Release|Any CPU.ActiveCfg = Release|Any CPU
		{B0AA7573-F84B-4E0A-AB92-41BAB79D436D}.Release|Any CPU.Build.0 = Release|Any CPU
	EndGlobalSection
	GlobalSection(SolutionProperties) = preSolution
		HideSolutionNode = FALSE
	EndGlobalSection
	GlobalSection(ExtensibilityGlobals) = postSolution
		SolutionGuid = {F6EF1E6D-8DF1-47FA-A962-464E38793BAB}
	EndGlobalSection
EndGlobal
